
Microsoft Visual Studio Solution File, Format Version 12.00
# Visual Studio Version 16
VisualStudioVersion = 16.0.29519.87
MinimumVisualStudioVersion = 10.0.40219.1
Project("{FAE04EC0-301F-11D3-BF4B-00C04F79EFBC}") = "SqlsugarExtension", "SqlsugarExtension\SqlsugarExtension.csproj", "{B9976A6C-B8EE-4930-A953-E88ECE1C49E2}"
EndProject
Project("{2150E333-8FDC-42A3-9474-1A3956D46DE8}") = "VsCmdDemo", "VsCmdDemo", "{8A426BF7-7684-45FA-AE38-FAAEBE7C7451}"
EndProject
Project("{FAE04EC0-301F-11D3-BF4B-00C04F79EFBC}") = "SqlExtension.Models", "SqlExtension.Models\SqlExtension.Models.csproj", "{9F0EA330-9D0A-4A95-AD8C-A7FB628BFADA}"
EndProject
Project("{FAE04EC0-301F-11D3-BF4B-00C04F79EFBC}") = "FirstMenuCommand", "VsCmdDemo\FirstMenuCommand\FirstMenuCommand.csproj", "{30B1698A-E046-47B8-AF1C-E4FAC0C4CF2D}"
EndProject
Project("{FAE04EC0-301F-11D3-BF4B-00C04F79EFBC}") = "IDEToolbar", "VsCmdDemo\IDEToolbar\IDEToolbar.csproj", "{BFF400B5-73E8-4EC6-BC56-72A728BBC54B}"
EndProject
Project("{FAE04EC0-301F-11D3-BF4B-00C04F79EFBC}") = "TopLevelMenu", "VsCmdDemo\TopLevelMenu\TopLevelMenu.csproj", "{034309FA-6A64-4E50-A3A9-D45E04D29FEF}"
EndProject
Project("{FAE04EC0-301F-11D3-BF4B-00C04F79EFBC}") = "SqlExtension.UI", "SqlExtension.UI\SqlExtension.UI.csproj", "{39031774-3E2A-4113-A1DF-300EA89108C9}"
EndProject
Project("{2150E333-8FDC-42A3-9474-1A3956D46DE8}") = "DemoWebProject", "DemoWebProject", "{C4032B5A-EAC9-4B84-BF0D-95408FB00148}"
EndProject
Project("{9A19103F-16F7-4668-BE54-9A1E7A4F7556}") = "SqlsugarDemo", "..\SqlsugarDemo\SqlsugarDemo\SqlsugarDemo.csproj", "{37FA6AF7-8685-4EF3-B5F8-7555CE3893D4}"
EndProject
Project("{9A19103F-16F7-4668-BE54-9A1E7A4F7556}") = "Demo.Entitys", "..\SqlsugarDemo\Demo.Entitys\Demo.Entitys.csproj", "{032B33B8-623E-456E-A262-9A56E16D2337}"
EndProject
Project("{FAE04EC0-301F-11D3-BF4B-00C04F79EFBC}") = "SqlExtension.Core", "SqlExtension.Core\SqlExtension.Core.csproj", "{78E407F4-AD86-4E6B-8D23-BE653B72FDCA}"
EndProject
Global
	GlobalSection(SolutionConfigurationPlatforms) = preSolution
		Debug|Any CPU = Debug|Any CPU
		Release|Any CPU = Release|Any CPU
	EndGlobalSection
	GlobalSection(ProjectConfigurationPlatforms) = postSolution
		{B9976A6C-B8EE-4930-A953-E88ECE1C49E2}.Debug|Any CPU.ActiveCfg = Debug|Any CPU
		{B9976A6C-B8EE-4930-A953-E88ECE1C49E2}.Debug|Any CPU.Build.0 = Debug|Any CPU
		{B9976A6C-B8EE-4930-A953-E88ECE1C49E2}.Release|Any CPU.ActiveCfg = Release|Any CPU
		{B9976A6C-B8EE-4930-A953-E88ECE1C49E2}.Release|Any CPU.Build.0 = Release|Any CPU
		{9F0EA330-9D0A-4A95-AD8C-A7FB628BFADA}.Debug|Any CPU.ActiveCfg = Debug|Any CPU
		{9F0EA330-9D0A-4A95-AD8C-A7FB628BFADA}.Debug|Any CPU.Build.0 = Debug|Any CPU
		{9F0EA330-9D0A-4A95-AD8C-A7FB628BFADA}.Release|Any CPU.ActiveCfg = Release|Any CPU
		{9F0EA330-9D0A-4A95-AD8C-A7FB628BFADA}.Release|Any CPU.Build.0 = Release|Any CPU
		{30B1698A-E046-47B8-AF1C-E4FAC0C4CF2D}.Debug|Any CPU.ActiveCfg = Debug|Any CPU
		{30B1698A-E046-47B8-AF1C-E4FAC0C4CF2D}.Debug|Any CPU.Build.0 = Debug|Any CPU
		{30B1698A-E046-47B8-AF1C-E4FAC0C4CF2D}.Release|Any CPU.ActiveCfg = Release|Any CPU
		{30B1698A-E046-47B8-AF1C-E4FAC0C4CF2D}.Release|Any CPU.Build.0 = Release|Any CPU
		{BFF400B5-73E8-4EC6-BC56-72A728BBC54B}.Debug|Any CPU.ActiveCfg = Debug|Any CPU
		{BFF400B5-73E8-4EC6-BC56-72A728BBC54B}.Debug|Any CPU.Build.0 = Debug|Any CPU
		{BFF400B5-73E8-4EC6-BC56-72A728BBC54B}.Release|Any CPU.ActiveCfg = Release|Any CPU
		{BFF400B5-73E8-4EC6-BC56-72A728BBC54B}.Release|Any CPU.Build.0 = Release|Any CPU
		{034309FA-6A64-4E50-A3A9-D45E04D29FEF}.Debug|Any CPU.ActiveCfg = Debug|Any CPU
		{034309FA-6A64-4E50-A3A9-D45E04D29FEF}.Debug|Any CPU.Build.0 = Debug|Any CPU
		{034309FA-6A64-4E50-A3A9-D45E04D29FEF}.Release|Any CPU.ActiveCfg = Release|Any CPU
		{034309FA-6A64-4E50-A3A9-D45E04D29FEF}.Release|Any CPU.Build.0 = Release|Any CPU
		{39031774-3E2A-4113-A1DF-300EA89108C9}.Debug|Any CPU.ActiveCfg = Debug|Any CPU
		{39031774-3E2A-4113-A1DF-300EA89108C9}.Debug|Any CPU.Build.0 = Debug|Any CPU
		{39031774-3E2A-4113-A1DF-300EA89108C9}.Release|Any CPU.ActiveCfg = Release|Any CPU
		{39031774-3E2A-4113-A1DF-300EA89108C9}.Release|Any CPU.Build.0 = Release|Any CPU
		{37FA6AF7-8685-4EF3-B5F8-7555CE3893D4}.Debug|Any CPU.ActiveCfg = Debug|Any CPU
		{37FA6AF7-8685-4EF3-B5F8-7555CE3893D4}.Debug|Any CPU.Build.0 = Debug|Any CPU
		{37FA6AF7-8685-4EF3-B5F8-7555CE3893D4}.Release|Any CPU.ActiveCfg = Release|Any CPU
		{37FA6AF7-8685-4EF3-B5F8-7555CE3893D4}.Release|Any CPU.Build.0 = Release|Any CPU
		{032B33B8-623E-456E-A262-9A56E16D2337}.Debug|Any CPU.ActiveCfg = Debug|Any CPU
		{032B33B8-623E-456E-A262-9A56E16D2337}.Debug|Any CPU.Build.0 = Debug|Any CPU
		{032B33B8-623E-456E-A262-9A56E16D2337}.Release|Any CPU.ActiveCfg = Release|Any CPU
		{032B33B8-623E-456E-A262-9A56E16D2337}.Release|Any CPU.Build.0 = Release|Any CPU
		{78E407F4-AD86-4E6B-8D23-BE653B72FDCA}.Debug|Any CPU.ActiveCfg = Debug|Any CPU
		{78E407F4-AD86-4E6B-8D23-BE653B72FDCA}.Debug|Any CPU.Build.0 = Debug|Any CPU
		{78E407F4-AD86-4E6B-8D23-BE653B72FDCA}.Release|Any CPU.ActiveCfg = Release|Any CPU
		{78E407F4-AD86-4E6B-8D23-BE653B72FDCA}.Release|Any CPU.Build.0 = Release|Any CPU
	EndGlobalSection
	GlobalSection(SolutionProperties) = preSolution
		HideSolutionNode = FALSE
	EndGlobalSection
	GlobalSection(NestedProjects) = preSolution
		{30B1698A-E046-47B8-AF1C-E4FAC0C4CF2D} = {8A426BF7-7684-45FA-AE38-FAAEBE7C7451}
		{BFF400B5-73E8-4EC6-BC56-72A728BBC54B} = {8A426BF7-7684-45FA-AE38-FAAEBE7C7451}
		{034309FA-6A64-4E50-A3A9-D45E04D29FEF} = {8A426BF7-7684-45FA-AE38-FAAEBE7C7451}
		{37FA6AF7-8685-4EF3-B5F8-7555CE3893D4} = {C4032B5A-EAC9-4B84-BF0D-95408FB00148}
		{032B33B8-623E-456E-A262-9A56E16D2337} = {C4032B5A-EAC9-4B84-BF0D-95408FB00148}
	EndGlobalSection
	GlobalSection(ExtensibilityGlobals) = postSolution
		SolutionGuid = {782F1710-ABCA-47F2-BB2E-25034B35D8B1}
	EndGlobalSection
EndGlobal
